<?xml version="1.0" encoding="utf-8"?>
<Project ToolsVersion="17.0" xmlns="http://schemas.microsoft.com/developer/msbuild/2003">
  <ItemGroup>
    <ClCompile Include="C:\Users\Surface Book 2\Documents\ES\term_2\dep\glThings\dep\glad\src\glad.c">
      <Filter>Source Files</Filter>
    </ClCompile>
  </ItemGroup>
  <ItemGroup>
    <ClInclude Include="C:\Users\Surface Book 2\Documents\ES\term_2\dep\glThings\dep\glad\include\glad\glad.h">
      <Filter>Header Files</Filter>
    </ClInclude>
  </ItemGroup>
  <ItemGroup>
    <CustomBuild Include="C:\Users\Surface Book 2\Documents\ES\term_2\CMakeLists.txt" />
  </ItemGroup>
  <ItemGroup>
    <Filter Include="Header Files">
      <UniqueIdentifier>{84663A3A-0886-3486-B9D1-7384968E04FB}</UniqueIdentifier>
    </Filter>
    <Filter Include="Source Files">
      <UniqueIdentifier>{5FF2F430-6E8A-37E5-80FE-9B6CAAF36CBE}</UniqueIdentifier>
    </Filter>
  </ItemGroup>
</Project>
