
Microsoft Visual Studio Solution File, Format Version 12.00
# Visual Studio Version 17
Project("{2150E333-8FDC-42A3-9474-1A3956D46DE8}") = "CMakePredefinedTargets", "CMakePredefinedTargets", "{F6ADCA3E-CE2D-3DBF-ACFF-47D16E5A14D4}"
EndProject
Project("{2150E333-8FDC-42A3-9474-1A3956D46DE8}") = "GLFW3", "GLFW3", "{2B44D702-1992-3590-847E-DA71EE382157}"
EndProject
Project("{8BC9CEB8-8B4A-11D0-8D11-00A0C91BC942}") = "ALL_BUILD", "ALL_BUILD.vcxproj", "{D213E62E-C7E1-3AE1-8C1A-BD7EDDD1D150}"
	ProjectSection(ProjectDependencies) = postProject
		{E7DC926D-4D90-3CBB-B5DD-C082E742F941} = {E7DC926D-4D90-3CBB-B5DD-C082E742F941}
		{80381D0D-3D9C-39EA-8655-CA332F0F485B} = {80381D0D-3D9C-39EA-8655-CA332F0F485B}
		{A7FBD7F3-A7BA-3915-9899-F256719D5694} = {A7FBD7F3-A7BA-3915-9899-F256719D5694}
		{D3EA7614-3C9E-3485-BC08-E0450880ABD2} = {D3EA7614-3C9E-3485-BC08-E0450880ABD2}
	EndProjectSection
EndProject
Project("{8BC9CEB8-8B4A-11D0-8D11-00A0C91BC942}") = "INSTALL", "INSTALL.vcxproj", "{2F221E3C-8DA5-313B-94A7-0BEB724B8192}"
	ProjectSection(ProjectDependencies) = postProject
		{D213E62E-C7E1-3AE1-8C1A-BD7EDDD1D150} = {D213E62E-C7E1-3AE1-8C1A-BD7EDDD1D150}
		{E7DC926D-4D90-3CBB-B5DD-C082E742F941} = {E7DC926D-4D90-3CBB-B5DD-C082E742F941}
	EndProjectSection
EndProject
Project("{8BC9CEB8-8B4A-11D0-8D11-00A0C91BC942}") = "ZERO_CHECK", "ZERO_CHECK.vcxproj", "{E7DC926D-4D90-3CBB-B5DD-C082E742F941}"
	ProjectSection(ProjectDependencies) = postProject
	EndProjectSection
EndProject
Project("{8BC9CEB8-8B4A-11D0-8D11-00A0C91BC942}") = "glad", "glad.vcxproj", "{80381D0D-3D9C-39EA-8655-CA332F0F485B}"
	ProjectSection(ProjectDependencies) = postProject
		{E7DC926D-4D90-3CBB-B5DD-C082E742F941} = {E7DC926D-4D90-3CBB-B5DD-C082E742F941}
	EndProjectSection
EndProject
Project("{8BC9CEB8-8B4A-11D0-8D11-00A0C91BC942}") = "glfw", "dep\glThings\dep\glfw\src\glfw.vcxproj", "{A7FBD7F3-A7BA-3915-9899-F256719D5694}"
	ProjectSection(ProjectDependencies) = postProject
		{E7DC926D-4D90-3CBB-B5DD-C082E742F941} = {E7DC926D-4D90-3CBB-B5DD-C082E742F941}
	EndProjectSection
EndProject
Project("{8BC9CEB8-8B4A-11D0-8D11-00A0C91BC942}") = "term_2", "term_2.vcxproj", "{D3EA7614-3C9E-3485-BC08-E0450880ABD2}"
	ProjectSection(ProjectDependencies) = postProject
		{E7DC926D-4D90-3CBB-B5DD-C082E742F941} = {E7DC926D-4D90-3CBB-B5DD-C082E742F941}
		{80381D0D-3D9C-39EA-8655-CA332F0F485B} = {80381D0D-3D9C-39EA-8655-CA332F0F485B}
		{A7FBD7F3-A7BA-3915-9899-F256719D5694} = {A7FBD7F3-A7BA-3915-9899-F256719D5694}
	EndProjectSection
EndProject
Project("{8BC9CEB8-8B4A-11D0-8D11-00A0C91BC942}") = "uninstall", "dep\glThings\dep\glfw\uninstall.vcxproj", "{C2C8C9FD-6F5A-38F0-9163-E1DE3D41D64F}"
	ProjectSection(ProjectDependencies) = postProject
		{E7DC926D-4D90-3CBB-B5DD-C082E742F941} = {E7DC926D-4D90-3CBB-B5DD-C082E742F941}
	EndProjectSection
EndProject
Project("{8BC9CEB8-8B4A-11D0-8D11-00A0C91BC942}") = "update_mappings", "dep\glThings\dep\glfw\src\update_mappings.vcxproj", "{0C72B9F5-F547-38A4-B7D2-5CB43F7B478E}"
	ProjectSection(ProjectDependencies) = postProject
		{E7DC926D-4D90-3CBB-B5DD-C082E742F941} = {E7DC926D-4D90-3CBB-B5DD-C082E742F941}
	EndProjectSection
EndProject
Global
	GlobalSection(SolutionConfigurationPlatforms) = preSolution
		Debug|x64 = Debug|x64
		Release|x64 = Release|x64
		MinSizeRel|x64 = MinSizeRel|x64
		RelWithDebInfo|x64 = RelWithDebInfo|x64
	EndGlobalSection
	GlobalSection(ProjectConfigurationPlatforms) = postSolution
		{D213E62E-C7E1-3AE1-8C1A-BD7EDDD1D150}.Debug|x64.ActiveCfg = Debug|x64
		{D213E62E-C7E1-3AE1-8C1A-BD7EDDD1D150}.Debug|x64.Build.0 = Debug|x64
		{D213E62E-C7E1-3AE1-8C1A-BD7EDDD1D150}.Release|x64.ActiveCfg = Release|x64
		{D213E62E-C7E1-3AE1-8C1A-BD7EDDD1D150}.Release|x64.Build.0 = Release|x64
		{D213E62E-C7E1-3AE1-8C1A-BD7EDDD1D150}.MinSizeRel|x64.ActiveCfg = MinSizeRel|x64
		{D213E62E-C7E1-3AE1-8C1A-BD7EDDD1D150}.MinSizeRel|x64.Build.0 = MinSizeRel|x64
		{D213E62E-C7E1-3AE1-8C1A-BD7EDDD1D150}.RelWithDebInfo|x64.ActiveCfg = RelWithDebInfo|x64
		{D213E62E-C7E1-3AE1-8C1A-BD7EDDD1D150}.RelWithDebInfo|x64.Build.0 = RelWithDebInfo|x64
		{2F221E3C-8DA5-313B-94A7-0BEB724B8192}.Debug|x64.ActiveCfg = Debug|x64
		{2F221E3C-8DA5-313B-94A7-0BEB724B8192}.Release|x64.ActiveCfg = Release|x64
		{2F221E3C-8DA5-313B-94A7-0BEB724B8192}.MinSizeRel|x64.ActiveCfg = MinSizeRel|x64
		{2F221E3C-8DA5-313B-94A7-0BEB724B8192}.RelWithDebInfo|x64.ActiveCfg = RelWithDebInfo|x64
		{E7DC926D-4D90-3CBB-B5DD-C082E742F941}.Debug|x64.ActiveCfg = Debug|x64
		{E7DC926D-4D90-3CBB-B5DD-C082E742F941}.Debug|x64.Build.0 = Debug|x64
		{E7DC926D-4D90-3CBB-B5DD-C082E742F941}.Release|x64.ActiveCfg = Release|x64
		{E7DC926D-4D90-3CBB-B5DD-C082E742F941}.Release|x64.Build.0 = Release|x64
		{E7DC926D-4D90-3CBB-B5DD-C082E742F941}.MinSizeRel|x64.ActiveCfg = MinSizeRel|x64
		{E7DC926D-4D90-3CBB-B5DD-C082E742F941}.MinSizeRel|x64.Build.0 = MinSizeRel|x64
		{E7DC926D-4D90-3CBB-B5DD-C082E742F941}.RelWithDebInfo|x64.ActiveCfg = RelWithDebInfo|x64
		{E7DC926D-4D90-3CBB-B5DD-C082E742F941}.RelWithDebInfo|x64.Build.0 = RelWithDebInfo|x64
		{80381D0D-3D9C-39EA-8655-CA332F0F485B}.Debug|x64.ActiveCfg = Debug|x64
		{80381D0D-3D9C-39EA-8655-CA332F0F485B}.Debug|x64.Build.0 = Debug|x64
		{80381D0D-3D9C-39EA-8655-CA332F0F485B}.Release|x64.ActiveCfg = Release|x64
		{80381D0D-3D9C-39EA-8655-CA332F0F485B}.Release|x64.Build.0 = Release|x64
		{80381D0D-3D9C-39EA-8655-CA332F0F485B}.MinSizeRel|x64.ActiveCfg = MinSizeRel|x64
		{80381D0D-3D9C-39EA-8655-CA332F0F485B}.MinSizeRel|x64.Build.0 = MinSizeRel|x64
		{80381D0D-3D9C-39EA-8655-CA332F0F485B}.RelWithDebInfo|x64.ActiveCfg = RelWithDebInfo|x64
		{80381D0D-3D9C-39EA-8655-CA332F0F485B}.RelWithDebInfo|x64.Build.0 = RelWithDebInfo|x64
		{A7FBD7F3-A7BA-3915-9899-F256719D5694}.Debug|x64.ActiveCfg = Debug|x64
		{A7FBD7F3-A7BA-3915-9899-F256719D5694}.Debug|x64.Build.0 = Debug|x64
		{A7FBD7F3-A7BA-3915-9899-F256719D5694}.Release|x64.ActiveCfg = Release|x64
		{A7FBD7F3-A7BA-3915-9899-F256719D5694}.Release|x64.Build.0 = Release|x64
		{A7FBD7F3-A7BA-3915-9899-F256719D5694}.MinSizeRel|x64.ActiveCfg = MinSizeRel|x64
		{A7FBD7F3-A7BA-3915-9899-F256719D5694}.MinSizeRel|x64.Build.0 = MinSizeRel|x64
		{A7FBD7F3-A7BA-3915-9899-F256719D5694}.RelWithDebInfo|x64.ActiveCfg = RelWithDebInfo|x64
		{A7FBD7F3-A7BA-3915-9899-F256719D5694}.RelWithDebInfo|x64.Build.0 = RelWithDebInfo|x64
		{D3EA7614-3C9E-3485-BC08-E0450880ABD2}.Debug|x64.ActiveCfg = Debug|x64
		{D3EA7614-3C9E-3485-BC08-E0450880ABD2}.Debug|x64.Build.0 = Debug|x64
		{D3EA7614-3C9E-3485-BC08-E0450880ABD2}.Release|x64.ActiveCfg = Release|x64
		{D3EA7614-3C9E-3485-BC08-E0450880ABD2}.Release|x64.Build.0 = Release|x64
		{D3EA7614-3C9E-3485-BC08-E0450880ABD2}.MinSizeRel|x64.ActiveCfg = MinSizeRel|x64
		{D3EA7614-3C9E-3485-BC08-E0450880ABD2}.MinSizeRel|x64.Build.0 = MinSizeRel|x64
		{D3EA7614-3C9E-3485-BC08-E0450880ABD2}.RelWithDebInfo|x64.ActiveCfg = RelWithDebInfo|x64
		{D3EA7614-3C9E-3485-BC08-E0450880ABD2}.RelWithDebInfo|x64.Build.0 = RelWithDebInfo|x64
		{C2C8C9FD-6F5A-38F0-9163-E1DE3D41D64F}.Debug|x64.ActiveCfg = Debug|x64
		{C2C8C9FD-6F5A-38F0-9163-E1DE3D41D64F}.Release|x64.ActiveCfg = Release|x64
		{C2C8C9FD-6F5A-38F0-9163-E1DE3D41D64F}.MinSizeRel|x64.ActiveCfg = MinSizeRel|x64
		{C2C8C9FD-6F5A-38F0-9163-E1DE3D41D64F}.RelWithDebInfo|x64.ActiveCfg = RelWithDebInfo|x64
		{0C72B9F5-F547-38A4-B7D2-5CB43F7B478E}.Debug|x64.ActiveCfg = Debug|x64
		{0C72B9F5-F547-38A4-B7D2-5CB43F7B478E}.Release|x64.ActiveCfg = Release|x64
		{0C72B9F5-F547-38A4-B7D2-5CB43F7B478E}.MinSizeRel|x64.ActiveCfg = MinSizeRel|x64
		{0C72B9F5-F547-38A4-B7D2-5CB43F7B478E}.RelWithDebInfo|x64.ActiveCfg = RelWithDebInfo|x64
	EndGlobalSection
	GlobalSection(NestedProjects) = preSolution
		{D213E62E-C7E1-3AE1-8C1A-BD7EDDD1D150} = {F6ADCA3E-CE2D-3DBF-ACFF-47D16E5A14D4}
		{2F221E3C-8DA5-313B-94A7-0BEB724B8192} = {F6ADCA3E-CE2D-3DBF-ACFF-47D16E5A14D4}
		{E7DC926D-4D90-3CBB-B5DD-C082E742F941} = {F6ADCA3E-CE2D-3DBF-ACFF-47D16E5A14D4}
		{A7FBD7F3-A7BA-3915-9899-F256719D5694} = {2B44D702-1992-3590-847E-DA71EE382157}
		{C2C8C9FD-6F5A-38F0-9163-E1DE3D41D64F} = {2B44D702-1992-3590-847E-DA71EE382157}
		{0C72B9F5-F547-38A4-B7D2-5CB43F7B478E} = {2B44D702-1992-3590-847E-DA71EE382157}
	EndGlobalSection
	GlobalSection(ExtensibilityGlobals) = postSolution
		SolutionGuid = {98C4DC60-AFDD-3FCA-95A9-C23C5CAA6F2D}
	EndGlobalSection
	GlobalSection(ExtensibilityAddIns) = postSolution
	EndGlobalSection
EndGlobal
